
Microsoft Visual Studio Solution File, Format Version 12.00
Project("{FAE04EC0-301F-11D3-BF4B-00C04F79EFBC}") = "BotDiscord", "BotDiscord\BotDiscord.csproj", "{49ECAA72-AF1C-4DEA-B5E2-93C7036C7F2B}"
EndProject
Global
	GlobalSection(SolutionConfigurationPlatforms) = preSolution
		Debug|Any CPU = Debug|Any CPU
		Release|Any CPU = Release|Any CPU
	EndGlobalSection
	GlobalSection(ProjectConfigurationPlatforms) = postSolution
		{49ECAA72-AF1C-4DEA-B5E2-93C7036C7F2B}.Debug|Any CPU.ActiveCfg = Debug|Any CPU
		{49ECAA72-AF1C-4DEA-B5E2-93C7036C7F2B}.Debug|Any CPU.Build.0 = Debug|Any CPU
		{49ECAA72-AF1C-4DEA-B5E2-93C7036C7F2B}.Release|Any CPU.ActiveCfg = Release|Any CPU
		{49ECAA72-AF1C-4DEA-B5E2-93C7036C7F2B}.Release|Any CPU.Build.0 = Release|Any CPU
	EndGlobalSection
EndGlobal
